
Microsoft Visual Studio Solution File, Format Version 12.00
# Visual Studio Version 17
VisualStudioVersion = 17.6.33815.320
MinimumVisualStudioVersion = 10.0.40219.1
Project("{2150E333-8FDC-42A3-9474-1A3956D46DE8}") = "N1", "N1", "{447AFE1B-BA2B-4146-A0BD-8FF5EDF868B3}"
EndProject
Project("{2150E333-8FDC-42A3-9474-1A3956D46DE8}") = "N2", "N2", "{BF6FE966-ADC5-466E-8288-E2BA22A71C2E}"
EndProject
Project("{2150E333-8FDC-42A3-9474-1A3956D46DE8}") = "N3", "N3", "{108EF1DE-6CD6-48E5-9774-8933BF4352F5}"
EndProject
Project("{2150E333-8FDC-42A3-9474-1A3956D46DE8}") = "N4", "N4", "{82FC9C2E-C9F3-4AC6-9A59-EA70FD9FB9F8}"
EndProject
Project("{2150E333-8FDC-42A3-9474-1A3956D46DE8}") = "HT", "HT", "{AFCBE89F-281E-49D9-83E0-E1ECD3EB281B}"
EndProject
Project("{9A19103F-16F7-4668-BE54-9A1E7A4F7556}") = "password_generator", "password_generate\password_generator.csproj", "{9730779F-3AB1-4E2D-BE04-A2EDA35E403E}"
EndProject
Project("{9A19103F-16F7-4668-BE54-9A1E7A4F7556}") = "Email_checker", "Email_checker\Email_checker.csproj", "{60E9A00F-6848-4335-B5C0-BCBC430C2B04}"
EndProject
Project("{2150E333-8FDC-42A3-9474-1A3956D46DE8}") = "HT", "HT", "{87AF3C6E-D3B9-4189-9EF5-D9B9FDB61261}"
EndProject
Project("{9A19103F-16F7-4668-BE54-9A1E7A4F7556}") = "Essay checker", "Essay checker\Essay checker.csproj", "{61650C82-4065-4490-8218-D082C3B6567D}"
EndProject
Project("{9A19103F-16F7-4668-BE54-9A1E7A4F7556}") = "Username generate", "Username generate\Username generate.csproj", "{F5DDC625-7E05-4BEF-A545-50E2AFD7A8FA}"
EndProject
Project("{2150E333-8FDC-42A3-9474-1A3956D46DE8}") = "HT", "HT", "{20763E3E-6983-4AB5-B8D5-CCAE6A59A016}"
EndProject
Project("{9A19103F-16F7-4668-BE54-9A1E7A4F7556}") = "Test Program", "Test Program\Test Program.csproj", "{300A3607-7A76-4A63-9121-BAF8AA09D701}"
EndProject
Project("{9A19103F-16F7-4668-BE54-9A1E7A4F7556}") = "calculyator", "calculyator\calculyator.csproj", "{975B42CD-B1E0-4C19-B318-EE209750C8B9}"
EndProject
Project("{2150E333-8FDC-42A3-9474-1A3956D46DE8}") = "N5", "N5", "{DF923E84-5910-4D9E-A024-01CF926FDC0A}"
EndProject
Project("{2150E333-8FDC-42A3-9474-1A3956D46DE8}") = "tasks", "tasks", "{1323F20F-8BEF-46C6-8D73-299105691753}"
EndProject
Project("{9A19103F-16F7-4668-BE54-9A1E7A4F7556}") = "problem", "student\problem.csproj", "{2E38EC9B-DBC4-40B9-B944-FFF7610E29CD}"
EndProject
Project("{9A19103F-16F7-4668-BE54-9A1E7A4F7556}") = "birthday", "birthday\birthday.csproj", "{C32D9830-CBC7-48A4-AA38-C93ED171726A}"
EndProject
Project("{9A19103F-16F7-4668-BE54-9A1E7A4F7556}") = "imtihon", "imtihon\imtihon.csproj", "{C7B921B4-6838-48AB-82BF-21CF373ACB2A}"
EndProject
Project("{2150E333-8FDC-42A3-9474-1A3956D46DE8}") = "N6", "N6", "{C1647AAB-17D6-441D-86BC-756961200454}"
EndProject
Project("{2150E333-8FDC-42A3-9474-1A3956D46DE8}") = "tasks", "tasks", "{96DF05AD-E7A3-42A5-907B-35669A76BBAF}"
EndProject
Project("{9A19103F-16F7-4668-BE54-9A1E7A4F7556}") = "Meeting Scheduler", "Meeting Scheduler\Meeting Scheduler.csproj", "{51122E99-EC6D-458F-A0BF-B3B3FE810CD7}"
EndProject
Project("{2150E333-8FDC-42A3-9474-1A3956D46DE8}") = "HT", "HT", "{6E0D7DAB-7BC8-4AAC-8B9D-9248F7398AC0}"
EndProject
Project("{9A19103F-16F7-4668-BE54-9A1E7A4F7556}") = "Event Scheduler", "Event Scheduler\Event Scheduler.csproj", "{43461ED1-291C-4164-A6EF-A2226082ED69}"
EndProject
Project("{2150E333-8FDC-42A3-9474-1A3956D46DE8}") = "project", "project", "{C8804EC7-674C-4EFB-82A4-E05188B974A3}"
EndProject
Project("{2150E333-8FDC-42A3-9474-1A3956D46DE8}") = "N7", "N7", "{E3AC4781-3724-429E-ADAA-D2D120172E63}"
EndProject
Project("{2150E333-8FDC-42A3-9474-1A3956D46DE8}") = "HT", "HT", "{FA8C2CF8-E826-4CAD-AD17-CC070F41FCBF}"
EndProject
Project("{FAE04EC0-301F-11D3-BF4B-00C04F79EFBC}") = "vacation planner", "vacation planner\vacation planner.csproj", "{9A5F7D23-55E6-4741-86C3-AB90EC245A8B}"
EndProject
Global
	GlobalSection(SolutionConfigurationPlatforms) = preSolution
		Debug|Any CPU = Debug|Any CPU
		Release|Any CPU = Release|Any CPU
	EndGlobalSection
	GlobalSection(ProjectConfigurationPlatforms) = postSolution
		{9730779F-3AB1-4E2D-BE04-A2EDA35E403E}.Debug|Any CPU.ActiveCfg = Debug|Any CPU
		{9730779F-3AB1-4E2D-BE04-A2EDA35E403E}.Debug|Any CPU.Build.0 = Debug|Any CPU
		{9730779F-3AB1-4E2D-BE04-A2EDA35E403E}.Release|Any CPU.ActiveCfg = Release|Any CPU
		{9730779F-3AB1-4E2D-BE04-A2EDA35E403E}.Release|Any CPU.Build.0 = Release|Any CPU
		{60E9A00F-6848-4335-B5C0-BCBC430C2B04}.Debug|Any CPU.ActiveCfg = Debug|Any CPU
		{60E9A00F-6848-4335-B5C0-BCBC430C2B04}.Debug|Any CPU.Build.0 = Debug|Any CPU
		{60E9A00F-6848-4335-B5C0-BCBC430C2B04}.Release|Any CPU.ActiveCfg = Release|Any CPU
		{60E9A00F-6848-4335-B5C0-BCBC430C2B04}.Release|Any CPU.Build.0 = Release|Any CPU
		{61650C82-4065-4490-8218-D082C3B6567D}.Debug|Any CPU.ActiveCfg = Debug|Any CPU
		{61650C82-4065-4490-8218-D082C3B6567D}.Debug|Any CPU.Build.0 = Debug|Any CPU
		{61650C82-4065-4490-8218-D082C3B6567D}.Release|Any CPU.ActiveCfg = Release|Any CPU
		{61650C82-4065-4490-8218-D082C3B6567D}.Release|Any CPU.Build.0 = Release|Any CPU
		{F5DDC625-7E05-4BEF-A545-50E2AFD7A8FA}.Debug|Any CPU.ActiveCfg = Debug|Any CPU
		{F5DDC625-7E05-4BEF-A545-50E2AFD7A8FA}.Debug|Any CPU.Build.0 = Debug|Any CPU
		{F5DDC625-7E05-4BEF-A545-50E2AFD7A8FA}.Release|Any CPU.ActiveCfg = Release|Any CPU
		{F5DDC625-7E05-4BEF-A545-50E2AFD7A8FA}.Release|Any CPU.Build.0 = Release|Any CPU
		{300A3607-7A76-4A63-9121-BAF8AA09D701}.Debug|Any CPU.ActiveCfg = Debug|Any CPU
		{300A3607-7A76-4A63-9121-BAF8AA09D701}.Debug|Any CPU.Build.0 = Debug|Any CPU
		{300A3607-7A76-4A63-9121-BAF8AA09D701}.Release|Any CPU.ActiveCfg = Release|Any CPU
		{300A3607-7A76-4A63-9121-BAF8AA09D701}.Release|Any CPU.Build.0 = Release|Any CPU
		{975B42CD-B1E0-4C19-B318-EE209750C8B9}.Debug|Any CPU.ActiveCfg = Debug|Any CPU
		{975B42CD-B1E0-4C19-B318-EE209750C8B9}.Debug|Any CPU.Build.0 = Debug|Any CPU
		{975B42CD-B1E0-4C19-B318-EE209750C8B9}.Release|Any CPU.ActiveCfg = Release|Any CPU
		{975B42CD-B1E0-4C19-B318-EE209750C8B9}.Release|Any CPU.Build.0 = Release|Any CPU
		{2E38EC9B-DBC4-40B9-B944-FFF7610E29CD}.Debug|Any CPU.ActiveCfg = Debug|Any CPU
		{2E38EC9B-DBC4-40B9-B944-FFF7610E29CD}.Debug|Any CPU.Build.0 = Debug|Any CPU
		{2E38EC9B-DBC4-40B9-B944-FFF7610E29CD}.Release|Any CPU.ActiveCfg = Release|Any CPU
		{2E38EC9B-DBC4-40B9-B944-FFF7610E29CD}.Release|Any CPU.Build.0 = Release|Any CPU
		{C32D9830-CBC7-48A4-AA38-C93ED171726A}.Debug|Any CPU.ActiveCfg = Debug|Any CPU
		{C32D9830-CBC7-48A4-AA38-C93ED171726A}.Debug|Any CPU.Build.0 = Debug|Any CPU
		{C32D9830-CBC7-48A4-AA38-C93ED171726A}.Release|Any CPU.ActiveCfg = Release|Any CPU
		{C32D9830-CBC7-48A4-AA38-C93ED171726A}.Release|Any CPU.Build.0 = Release|Any CPU
		{C7B921B4-6838-48AB-82BF-21CF373ACB2A}.Debug|Any CPU.ActiveCfg = Debug|Any CPU
		{C7B921B4-6838-48AB-82BF-21CF373ACB2A}.Debug|Any CPU.Build.0 = Debug|Any CPU
		{C7B921B4-6838-48AB-82BF-21CF373ACB2A}.Release|Any CPU.ActiveCfg = Release|Any CPU
		{C7B921B4-6838-48AB-82BF-21CF373ACB2A}.Release|Any CPU.Build.0 = Release|Any CPU
		{51122E99-EC6D-458F-A0BF-B3B3FE810CD7}.Debug|Any CPU.ActiveCfg = Debug|Any CPU
		{51122E99-EC6D-458F-A0BF-B3B3FE810CD7}.Debug|Any CPU.Build.0 = Debug|Any CPU
		{51122E99-EC6D-458F-A0BF-B3B3FE810CD7}.Release|Any CPU.ActiveCfg = Release|Any CPU
		{51122E99-EC6D-458F-A0BF-B3B3FE810CD7}.Release|Any CPU.Build.0 = Release|Any CPU
		{43461ED1-291C-4164-A6EF-A2226082ED69}.Debug|Any CPU.ActiveCfg = Debug|Any CPU
		{43461ED1-291C-4164-A6EF-A2226082ED69}.Debug|Any CPU.Build.0 = Debug|Any CPU
		{43461ED1-291C-4164-A6EF-A2226082ED69}.Release|Any CPU.ActiveCfg = Release|Any CPU
		{43461ED1-291C-4164-A6EF-A2226082ED69}.Release|Any CPU.Build.0 = Release|Any CPU
		{9A5F7D23-55E6-4741-86C3-AB90EC245A8B}.Debug|Any CPU.ActiveCfg = Debug|Any CPU
		{9A5F7D23-55E6-4741-86C3-AB90EC245A8B}.Debug|Any CPU.Build.0 = Debug|Any CPU
		{9A5F7D23-55E6-4741-86C3-AB90EC245A8B}.Release|Any CPU.ActiveCfg = Release|Any CPU
		{9A5F7D23-55E6-4741-86C3-AB90EC245A8B}.Release|Any CPU.Build.0 = Release|Any CPU
	EndGlobalSection
	GlobalSection(SolutionProperties) = preSolution
		HideSolutionNode = FALSE
	EndGlobalSection
	GlobalSection(NestedProjects) = preSolution
		{AFCBE89F-281E-49D9-83E0-E1ECD3EB281B} = {BF6FE966-ADC5-466E-8288-E2BA22A71C2E}
		{9730779F-3AB1-4E2D-BE04-A2EDA35E403E} = {AFCBE89F-281E-49D9-83E0-E1ECD3EB281B}
		{60E9A00F-6848-4335-B5C0-BCBC430C2B04} = {AFCBE89F-281E-49D9-83E0-E1ECD3EB281B}
		{87AF3C6E-D3B9-4189-9EF5-D9B9FDB61261} = {108EF1DE-6CD6-48E5-9774-8933BF4352F5}
		{61650C82-4065-4490-8218-D082C3B6567D} = {87AF3C6E-D3B9-4189-9EF5-D9B9FDB61261}
		{F5DDC625-7E05-4BEF-A545-50E2AFD7A8FA} = {87AF3C6E-D3B9-4189-9EF5-D9B9FDB61261}
		{20763E3E-6983-4AB5-B8D5-CCAE6A59A016} = {82FC9C2E-C9F3-4AC6-9A59-EA70FD9FB9F8}
		{300A3607-7A76-4A63-9121-BAF8AA09D701} = {20763E3E-6983-4AB5-B8D5-CCAE6A59A016}
		{975B42CD-B1E0-4C19-B318-EE209750C8B9} = {20763E3E-6983-4AB5-B8D5-CCAE6A59A016}
		{1323F20F-8BEF-46C6-8D73-299105691753} = {C8804EC7-674C-4EFB-82A4-E05188B974A3}
		{2E38EC9B-DBC4-40B9-B944-FFF7610E29CD} = {1323F20F-8BEF-46C6-8D73-299105691753}
		{C32D9830-CBC7-48A4-AA38-C93ED171726A} = {1323F20F-8BEF-46C6-8D73-299105691753}
		{C7B921B4-6838-48AB-82BF-21CF373ACB2A} = {6E0D7DAB-7BC8-4AAC-8B9D-9248F7398AC0}
		{96DF05AD-E7A3-42A5-907B-35669A76BBAF} = {C1647AAB-17D6-441D-86BC-756961200454}
		{51122E99-EC6D-458F-A0BF-B3B3FE810CD7} = {96DF05AD-E7A3-42A5-907B-35669A76BBAF}
		{6E0D7DAB-7BC8-4AAC-8B9D-9248F7398AC0} = {DF923E84-5910-4D9E-A024-01CF926FDC0A}
		{43461ED1-291C-4164-A6EF-A2226082ED69} = {6E0D7DAB-7BC8-4AAC-8B9D-9248F7398AC0}
		{FA8C2CF8-E826-4CAD-AD17-CC070F41FCBF} = {E3AC4781-3724-429E-ADAA-D2D120172E63}
		{9A5F7D23-55E6-4741-86C3-AB90EC245A8B} = {FA8C2CF8-E826-4CAD-AD17-CC070F41FCBF}
	EndGlobalSection
	GlobalSection(ExtensibilityGlobals) = postSolution
		SolutionGuid = {843F7B42-6A97-4D7F-AEB0-1BC24C0D4B92}
	EndGlobalSection
EndGlobal
